
Microsoft Visual Studio Solution File, Format Version 12.00
# Visual Studio 15
VisualStudioVersion = 15.0.28307.1738
MinimumVisualStudioVersion = 10.0.40219.1
Project("{FAE04EC0-301F-11D3-BF4B-00C04F79EFBC}") = "ConnectWiseAssessment", "ConnectWiseAssessment\ConnectWiseAssessment.csproj", "{B4AD6B7A-70F8-415C-9835-AC65CD18080D}"
EndProject
Project("{FAE04EC0-301F-11D3-BF4B-00C04F79EFBC}") = "ConnectWiseAssessmentUnitTest", "ConnectWiseAssessmentUnitTest\ConnectWiseAssessmentUnitTest.csproj", "{990FF423-B3B1-49CF-BBF4-E560BF826388}"
EndProject
Global
	GlobalSection(SolutionConfigurationPlatforms) = preSolution
		Debug|Any CPU = Debug|Any CPU
		Release|Any CPU = Release|Any CPU
	EndGlobalSection
	GlobalSection(ProjectConfigurationPlatforms) = postSolution
		{B4AD6B7A-70F8-415C-9835-AC65CD18080D}.Debug|Any CPU.ActiveCfg = Debug|Any CPU
		{B4AD6B7A-70F8-415C-9835-AC65CD18080D}.Debug|Any CPU.Build.0 = Debug|Any CPU
		{B4AD6B7A-70F8-415C-9835-AC65CD18080D}.Release|Any CPU.ActiveCfg = Release|Any CPU
		{B4AD6B7A-70F8-415C-9835-AC65CD18080D}.Release|Any CPU.Build.0 = Release|Any CPU
		{990FF423-B3B1-49CF-BBF4-E560BF826388}.Debug|Any CPU.ActiveCfg = Debug|Any CPU
		{990FF423-B3B1-49CF-BBF4-E560BF826388}.Debug|Any CPU.Build.0 = Debug|Any CPU
		{990FF423-B3B1-49CF-BBF4-E560BF826388}.Release|Any CPU.ActiveCfg = Release|Any CPU
		{990FF423-B3B1-49CF-BBF4-E560BF826388}.Release|Any CPU.Build.0 = Release|Any CPU
	EndGlobalSection
	GlobalSection(SolutionProperties) = preSolution
		HideSolutionNode = FALSE
	EndGlobalSection
	GlobalSection(ExtensibilityGlobals) = postSolution
		SolutionGuid = {56EEDD5B-D5CC-4867-8260-53759B082D19}
	EndGlobalSection
EndGlobal
